
Microsoft Visual Studio Solution File, Format Version 12.00
# Visual Studio Version 16
VisualStudioVersion = 16.0.30804.86
MinimumVisualStudioVersion = 10.0.40219.1
Project("{FAE04EC0-301F-11D3-BF4B-00C04F79EFBC}") = "SmartQuarantinee", "SmartQuarantinee\SmartQuarantinee.csproj", "{106AE4E4-FEED-4217-9439-15ADAFC588FA}"
EndProject
Global
	GlobalSection(SolutionConfigurationPlatforms) = preSolution
		Debug|Any CPU = Debug|Any CPU
		Release|Any CPU = Release|Any CPU
	EndGlobalSection
	GlobalSection(ProjectConfigurationPlatforms) = postSolution
		{106AE4E4-FEED-4217-9439-15ADAFC588FA}.Debug|Any CPU.ActiveCfg = Debug|Any CPU
		{106AE4E4-FEED-4217-9439-15ADAFC588FA}.Debug|Any CPU.Build.0 = Debug|Any CPU
		{106AE4E4-FEED-4217-9439-15ADAFC588FA}.Release|Any CPU.ActiveCfg = Release|Any CPU
		{106AE4E4-FEED-4217-9439-15ADAFC588FA}.Release|Any CPU.Build.0 = Release|Any CPU
	EndGlobalSection
	GlobalSection(SolutionProperties) = preSolution
		HideSolutionNode = FALSE
	EndGlobalSection
	GlobalSection(ExtensibilityGlobals) = postSolution
		SolutionGuid = {394FC649-C30F-46D4-A6A1-C1EB9EECC424}
	EndGlobalSection
EndGlobal
